{
  "pins" : [
    {
      "identity" : "stinsen",
      "kind" : "remoteSourceControl",
      "location" : "https://github.com/bigearsenal/stinsen",
      "state" : {
        "branch" : "feature/ios-16",
        "revision" : "6680a4a2ebe5e2152300c3273fd64b04291973ce"
      }
    }
  ],
  "version" : 2
}
